# THIS IS AN AUTOGENERATED FILE. DO NOT EDIT THIS FILE DIRECTLY.
# yarn lockfile v1


"@babel/runtime@^7.4.4":
  version "7.6.2"
  resolved "https://registry.yarnpkg.com/@babel/runtime/-/runtime-7.6.2.tgz#c3d6e41b304ef10dcf13777a33e7694ec4a9a6dd"
  integrity sha512-EXxN64agfUqqIGeEjI5dL5z0Sw0ZwWo1mLTi4mQowCZ42O59b7DRpZAnTC6OqdF28wMBMFKNb/4uFGrVaigSpg==
  dependencies:
    regenerator-runtime "^0.13.2"

"@material-ui/icons@^4.4.3":
  version "4.4.3"
  resolved "https://registry.yarnpkg.com/@material-ui/icons/-/icons-4.4.3.tgz#5d4346ddbb2673a1b57ebc78fd6d50bcd88711db"
  integrity sha512-HVVvUyc/78kmaBd93LkfWyGkXMM+zOMKzUfulWXxaV/fFAZ3N0pD0oHjWUd94zrOoF3tZP9JC7EPlIpIcZSNow==
  dependencies:
    "@babel/runtime" "^7.4.4"

create-next-app@^9.0.7:
  version "9.0.7"
  resolved "https://registry.yarnpkg.com/create-next-app/-/create-next-app-9.0.7.tgz#0b3e603f3a04b009ce38fbdbffe1b612498f34d4"
  integrity sha512-pvdFeKnYcpMDYkYBZk2UF9vDlovc62gccnOAxXn5WsjQTh7jSFfZgwkJQoVemdL2dPGEKDk6ge6wog1NG7zYOQ==

moment@^2.24.0:
  version "2.24.0"
  resolved "https://registry.yarnpkg.com/moment/-/moment-2.24.0.tgz#0d055d53f5052aa653c9f6eb68bb5d12bf5c2b5b"
  integrity sha512-bV7f+6l2QigeBBZSM/6yTNq4P2fNpSWj/0e7jQcy87A8e7o2nAfP/34/2ky5Vw4B9S446EtIhodAzkFCcR4dQg==

regenerator-runtime@^0.13.2:
  version "0.13.3"
  resolved "https://registry.yarnpkg.com/regenerator-runtime/-/regenerator-runtime-0.13.3.tgz#7cf6a77d8f5c6f60eb73c5fc1955b2ceb01e6bf5"
  integrity sha512-naKIZz2GQ8JWh///G7L3X6LaQUAMp2lvb1rvwwsURe/VXwD6VMfr+/1NuNw3ag8v2kY1aQ/go5SNn79O9JU7yw==
